
Microsoft Visual Studio Solution File, Format Version 12.00
# Visual Studio Version 16
VisualStudioVersion = 16.0.29519.87
MinimumVisualStudioVersion = 10.0.40219.1
Project("{FAE04EC0-301F-11D3-BF4B-00C04F79EFBC}") = "Company Tasks Manager", "Company Tasks Manager\Company Tasks Manager.csproj", "{5B359884-3E2F-4A7B-AD41-27D97AA0E529}"
EndProject
Project("{54435603-DBB4-11D2-8724-00A0C9A8B90C}") = "مدیریت وظایف سازمان", "مدیریت وظایف سازمان\مدیریت وظایف سازمان.vdproj", "{7F6FB378-ECA9-4D5C-83D2-5CE64CDDDDB9}"
EndProject
Global
	GlobalSection(SolutionConfigurationPlatforms) = preSolution
		Debug|Any CPU = Debug|Any CPU
		Release|Any CPU = Release|Any CPU
	EndGlobalSection
	GlobalSection(ProjectConfigurationPlatforms) = postSolution
		{5B359884-3E2F-4A7B-AD41-27D97AA0E529}.Debug|Any CPU.ActiveCfg = Debug|Any CPU
		{5B359884-3E2F-4A7B-AD41-27D97AA0E529}.Debug|Any CPU.Build.0 = Debug|Any CPU
		{5B359884-3E2F-4A7B-AD41-27D97AA0E529}.Release|Any CPU.ActiveCfg = Release|Any CPU
		{5B359884-3E2F-4A7B-AD41-27D97AA0E529}.Release|Any CPU.Build.0 = Release|Any CPU
		{7F6FB378-ECA9-4D5C-83D2-5CE64CDDDDB9}.Debug|Any CPU.ActiveCfg = Debug
		{7F6FB378-ECA9-4D5C-83D2-5CE64CDDDDB9}.Release|Any CPU.ActiveCfg = Release
	EndGlobalSection
	GlobalSection(SolutionProperties) = preSolution
		HideSolutionNode = FALSE
	EndGlobalSection
	GlobalSection(ExtensibilityGlobals) = postSolution
		SolutionGuid = {F17B210D-5F51-4190-9150-BD8E4DE0B233}
	EndGlobalSection
EndGlobal
